
Microsoft Visual Studio Solution File, Format Version 12.00
# Visual Studio 14
VisualStudioVersion = 14.0.25123.0
MinimumVisualStudioVersion = 10.0.40219.1
Project("{FAE04EC0-301F-11D3-BF4B-00C04F79EFBC}") = "ÇağrıMerkeziProjesi--LinqStoreProcedure-19Nisan", "ÇağrıMerkeziProjesi--LinqStoreProcedure-19Nisan\ÇağrıMerkeziProjesi--LinqStoreProcedure-19Nisan.csproj", "{8BAABBCC-CFFF-43E9-8935-944CC5B2DDFB}"
EndProject
Global
	GlobalSection(SolutionConfigurationPlatforms) = preSolution
		Debug|Any CPU = Debug|Any CPU
		Release|Any CPU = Release|Any CPU
	EndGlobalSection
	GlobalSection(ProjectConfigurationPlatforms) = postSolution
		{8BAABBCC-CFFF-43E9-8935-944CC5B2DDFB}.Debug|Any CPU.ActiveCfg = Debug|Any CPU
		{8BAABBCC-CFFF-43E9-8935-944CC5B2DDFB}.Debug|Any CPU.Build.0 = Debug|Any CPU
		{8BAABBCC-CFFF-43E9-8935-944CC5B2DDFB}.Release|Any CPU.ActiveCfg = Release|Any CPU
		{8BAABBCC-CFFF-43E9-8935-944CC5B2DDFB}.Release|Any CPU.Build.0 = Release|Any CPU
	EndGlobalSection
	GlobalSection(SolutionProperties) = preSolution
		HideSolutionNode = FALSE
	EndGlobalSection
EndGlobal
